
Microsoft Visual Studio Solution File, Format Version 12.00
# Visual Studio Version 16
VisualStudioVersion = 16.0.29709.97
MinimumVisualStudioVersion = 10.0.40219.1
Project("{9A19103F-16F7-4668-BE54-9A1E7A4F7556}") = "CopaDeFilmes.Api", "CopaDeFilmes.Api\CopaDeFilmes.Api.csproj", "{2CE80A77-12E9-44D0-B9D2-5BF134D40AAE}"
EndProject
Project("{9A19103F-16F7-4668-BE54-9A1E7A4F7556}") = "CopaDeFilmes.Teste", "CopaDeFilmes.Teste\CopaDeFilmes.Teste.csproj", "{C0FE7E9C-42E7-446A-89A8-39998D760B68}"
EndProject
Project("{9A19103F-16F7-4668-BE54-9A1E7A4F7556}") = "CopaDeFilmes.Dominio", "CopaDeFilmes.Dominio\CopaDeFilmes.Dominio.csproj", "{E3721F17-797B-4719-9C7F-ABBF12A3C31F}"
EndProject
Global
	GlobalSection(SolutionConfigurationPlatforms) = preSolution
		Debug|Any CPU = Debug|Any CPU
		Release|Any CPU = Release|Any CPU
	EndGlobalSection
	GlobalSection(ProjectConfigurationPlatforms) = postSolution
		{2CE80A77-12E9-44D0-B9D2-5BF134D40AAE}.Debug|Any CPU.ActiveCfg = Debug|Any CPU
		{2CE80A77-12E9-44D0-B9D2-5BF134D40AAE}.Debug|Any CPU.Build.0 = Debug|Any CPU
		{2CE80A77-12E9-44D0-B9D2-5BF134D40AAE}.Release|Any CPU.ActiveCfg = Release|Any CPU
		{2CE80A77-12E9-44D0-B9D2-5BF134D40AAE}.Release|Any CPU.Build.0 = Release|Any CPU
		{C0FE7E9C-42E7-446A-89A8-39998D760B68}.Debug|Any CPU.ActiveCfg = Debug|Any CPU
		{C0FE7E9C-42E7-446A-89A8-39998D760B68}.Debug|Any CPU.Build.0 = Debug|Any CPU
		{C0FE7E9C-42E7-446A-89A8-39998D760B68}.Release|Any CPU.ActiveCfg = Release|Any CPU
		{C0FE7E9C-42E7-446A-89A8-39998D760B68}.Release|Any CPU.Build.0 = Release|Any CPU
		{E3721F17-797B-4719-9C7F-ABBF12A3C31F}.Debug|Any CPU.ActiveCfg = Debug|Any CPU
		{E3721F17-797B-4719-9C7F-ABBF12A3C31F}.Debug|Any CPU.Build.0 = Debug|Any CPU
		{E3721F17-797B-4719-9C7F-ABBF12A3C31F}.Release|Any CPU.ActiveCfg = Release|Any CPU
		{E3721F17-797B-4719-9C7F-ABBF12A3C31F}.Release|Any CPU.Build.0 = Release|Any CPU
	EndGlobalSection
	GlobalSection(SolutionProperties) = preSolution
		HideSolutionNode = FALSE
	EndGlobalSection
	GlobalSection(ExtensibilityGlobals) = postSolution
		SolutionGuid = {A92C0E9E-DCA2-402F-ACC7-2EC8A52F7E6D}
	EndGlobalSection
EndGlobal
